
Microsoft Visual Studio Solution File, Format Version 12.00
# Visual Studio 2012
Project("{FAE04EC0-301F-11D3-BF4B-00C04F79EFBC}") = "BattleLib", "BattleLib\BattleLib.csproj", "{04216BD8-0BA1-4ECD-8172-CDEB9C3D69D0}"
EndProject
Project("{FAE04EC0-301F-11D3-BF4B-00C04F79EFBC}") = "BattleLibTest", "BattleLibTest\BattleLibTest.csproj", "{F1B068E6-894C-4625-B176-3547992FDAA5}"
EndProject
Project("{FAE04EC0-301F-11D3-BF4B-00C04F79EFBC}") = "PokemonRulesTest", "PokemonRulesTest\PokemonRulesTest.csproj", "{4E54ED71-E778-4C71-8E06-B231D5A9F180}"
EndProject
Project("{FAE04EC0-301F-11D3-BF4B-00C04F79EFBC}") = "Base", "Base\Base.csproj", "{DDF413D1-9BE0-446B-82AF-E10242E8B812}"
EndProject
Project("{FAE04EC0-301F-11D3-BF4B-00C04F79EFBC}") = "ToolsWPF", "ToolsWPF\ToolsWPF.csproj", "{FBB6DBB8-0698-4E85-AB6A-99B9A0850CB1}"
EndProject
Project("{FAE04EC0-301F-11D3-BF4B-00C04F79EFBC}") = "GameEngine", "GameEngine\GameEngine.csproj", "{23963DB5-CEB3-42A9-874E-D2A5B9291174}"
EndProject
Project("{FAE04EC0-301F-11D3-BF4B-00C04F79EFBC}") = "PokemonGame", "Game\PokemonGame.csproj", "{D098C2B1-C3AF-4322-9FC9-5EF7DB7337AB}"
	ProjectSection(ProjectDependencies) = postProject
		{F9DF2E61-083F-4F11-A983-B4DBD0C1EF91} = {F9DF2E61-083F-4F11-A983-B4DBD0C1EF91}
	EndProjectSection
EndProject
Project("{2150E333-8FDC-42A3-9474-1A3956D46DE8}") = ".nuget", ".nuget", "{9C6CEF9E-9CCA-4980-8499-48E53F0EB3EA}"
	ProjectSection(SolutionItems) = preProject
		.nuget\NuGet.Config = .nuget\NuGet.Config
		.nuget\NuGet.exe = .nuget\NuGet.exe
		.nuget\NuGet.targets = .nuget\NuGet.targets
	EndProjectSection
EndProject
Project("{FAE04EC0-301F-11D3-BF4B-00C04F79EFBC}") = "GameEngineTest", "GameEngineTest\GameEngineTest.csproj", "{DA6129ED-A3D3-47BD-9AB5-FF6F5465F241}"
EndProject
Project("{FAE04EC0-301F-11D3-BF4B-00C04F79EFBC}") = "ContentBuilder", "ContentBuilder\ContentBuilder.csproj", "{F9DF2E61-083F-4F11-A983-B4DBD0C1EF91}"
EndProject
Project("{FAE04EC0-301F-11D3-BF4B-00C04F79EFBC}") = "ContentPrebuild", "ContentPrebuild\ContentPrebuild.csproj", "{A9D94AC4-F8E1-4858-A0E6-D968354388F9}"
EndProject
Global
	GlobalSection(SolutionConfigurationPlatforms) = preSolution
		Debug|Any CPU = Debug|Any CPU
		DebugContentPrebuild|Any CPU = DebugContentPrebuild|Any CPU
		Release|Any CPU = Release|Any CPU
		ReleaseContentPrebuild|Any CPU = ReleaseContentPrebuild|Any CPU
	EndGlobalSection
	GlobalSection(ProjectConfigurationPlatforms) = postSolution
		{04216BD8-0BA1-4ECD-8172-CDEB9C3D69D0}.Debug|Any CPU.ActiveCfg = Debug|Any CPU
		{04216BD8-0BA1-4ECD-8172-CDEB9C3D69D0}.Debug|Any CPU.Build.0 = Debug|Any CPU
		{04216BD8-0BA1-4ECD-8172-CDEB9C3D69D0}.DebugContentPrebuild|Any CPU.ActiveCfg = DebugContentPrebuild|Any CPU
		{04216BD8-0BA1-4ECD-8172-CDEB9C3D69D0}.DebugContentPrebuild|Any CPU.Build.0 = DebugContentPrebuild|Any CPU
		{04216BD8-0BA1-4ECD-8172-CDEB9C3D69D0}.Release|Any CPU.ActiveCfg = Release|Any CPU
		{04216BD8-0BA1-4ECD-8172-CDEB9C3D69D0}.Release|Any CPU.Build.0 = Release|Any CPU
		{04216BD8-0BA1-4ECD-8172-CDEB9C3D69D0}.ReleaseContentPrebuild|Any CPU.ActiveCfg = ReleaseContentPrebuild|Any CPU
		{04216BD8-0BA1-4ECD-8172-CDEB9C3D69D0}.ReleaseContentPrebuild|Any CPU.Build.0 = ReleaseContentPrebuild|Any CPU
		{F1B068E6-894C-4625-B176-3547992FDAA5}.Debug|Any CPU.ActiveCfg = Debug|Any CPU
		{F1B068E6-894C-4625-B176-3547992FDAA5}.Debug|Any CPU.Build.0 = Debug|Any CPU
		{F1B068E6-894C-4625-B176-3547992FDAA5}.DebugContentPrebuild|Any CPU.ActiveCfg = DebugContentPrebuild|Any CPU
		{F1B068E6-894C-4625-B176-3547992FDAA5}.DebugContentPrebuild|Any CPU.Build.0 = DebugContentPrebuild|Any CPU
		{F1B068E6-894C-4625-B176-3547992FDAA5}.Release|Any CPU.ActiveCfg = Release|Any CPU
		{F1B068E6-894C-4625-B176-3547992FDAA5}.Release|Any CPU.Build.0 = Release|Any CPU
		{F1B068E6-894C-4625-B176-3547992FDAA5}.ReleaseContentPrebuild|Any CPU.ActiveCfg = ReleaseContentPrebuild|Any CPU
		{F1B068E6-894C-4625-B176-3547992FDAA5}.ReleaseContentPrebuild|Any CPU.Build.0 = ReleaseContentPrebuild|Any CPU
		{4E54ED71-E778-4C71-8E06-B231D5A9F180}.Debug|Any CPU.ActiveCfg = Debug|Any CPU
		{4E54ED71-E778-4C71-8E06-B231D5A9F180}.Debug|Any CPU.Build.0 = Debug|Any CPU
		{4E54ED71-E778-4C71-8E06-B231D5A9F180}.DebugContentPrebuild|Any CPU.ActiveCfg = DebugContentPrebuild|Any CPU
		{4E54ED71-E778-4C71-8E06-B231D5A9F180}.DebugContentPrebuild|Any CPU.Build.0 = DebugContentPrebuild|Any CPU
		{4E54ED71-E778-4C71-8E06-B231D5A9F180}.Release|Any CPU.ActiveCfg = Release|Any CPU
		{4E54ED71-E778-4C71-8E06-B231D5A9F180}.Release|Any CPU.Build.0 = Release|Any CPU
		{4E54ED71-E778-4C71-8E06-B231D5A9F180}.ReleaseContentPrebuild|Any CPU.ActiveCfg = ReleaseContentPrebuild|Any CPU
		{4E54ED71-E778-4C71-8E06-B231D5A9F180}.ReleaseContentPrebuild|Any CPU.Build.0 = ReleaseContentPrebuild|Any CPU
		{DDF413D1-9BE0-446B-82AF-E10242E8B812}.Debug|Any CPU.ActiveCfg = Debug|Any CPU
		{DDF413D1-9BE0-446B-82AF-E10242E8B812}.Debug|Any CPU.Build.0 = Debug|Any CPU
		{DDF413D1-9BE0-446B-82AF-E10242E8B812}.DebugContentPrebuild|Any CPU.ActiveCfg = DebugContentPrebuild|Any CPU
		{DDF413D1-9BE0-446B-82AF-E10242E8B812}.DebugContentPrebuild|Any CPU.Build.0 = DebugContentPrebuild|Any CPU
		{DDF413D1-9BE0-446B-82AF-E10242E8B812}.Release|Any CPU.ActiveCfg = Release|Any CPU
		{DDF413D1-9BE0-446B-82AF-E10242E8B812}.Release|Any CPU.Build.0 = Release|Any CPU
		{DDF413D1-9BE0-446B-82AF-E10242E8B812}.ReleaseContentPrebuild|Any CPU.ActiveCfg = ReleaseContentPrebuild|Any CPU
		{DDF413D1-9BE0-446B-82AF-E10242E8B812}.ReleaseContentPrebuild|Any CPU.Build.0 = ReleaseContentPrebuild|Any CPU
		{FBB6DBB8-0698-4E85-AB6A-99B9A0850CB1}.Debug|Any CPU.ActiveCfg = Debug|Any CPU
		{FBB6DBB8-0698-4E85-AB6A-99B9A0850CB1}.Debug|Any CPU.Build.0 = Debug|Any CPU
		{FBB6DBB8-0698-4E85-AB6A-99B9A0850CB1}.DebugContentPrebuild|Any CPU.ActiveCfg = DebugContentPrebuild|Any CPU
		{FBB6DBB8-0698-4E85-AB6A-99B9A0850CB1}.DebugContentPrebuild|Any CPU.Build.0 = DebugContentPrebuild|Any CPU
		{FBB6DBB8-0698-4E85-AB6A-99B9A0850CB1}.Release|Any CPU.ActiveCfg = Release|Any CPU
		{FBB6DBB8-0698-4E85-AB6A-99B9A0850CB1}.Release|Any CPU.Build.0 = Release|Any CPU
		{FBB6DBB8-0698-4E85-AB6A-99B9A0850CB1}.ReleaseContentPrebuild|Any CPU.ActiveCfg = ReleaseContentPrebuild|Any CPU
		{FBB6DBB8-0698-4E85-AB6A-99B9A0850CB1}.ReleaseContentPrebuild|Any CPU.Build.0 = ReleaseContentPrebuild|Any CPU
		{23963DB5-CEB3-42A9-874E-D2A5B9291174}.Debug|Any CPU.ActiveCfg = Debug|Any CPU
		{23963DB5-CEB3-42A9-874E-D2A5B9291174}.Debug|Any CPU.Build.0 = Debug|Any CPU
		{23963DB5-CEB3-42A9-874E-D2A5B9291174}.DebugContentPrebuild|Any CPU.ActiveCfg = DebugContentPrebuild|Any CPU
		{23963DB5-CEB3-42A9-874E-D2A5B9291174}.DebugContentPrebuild|Any CPU.Build.0 = DebugContentPrebuild|Any CPU
		{23963DB5-CEB3-42A9-874E-D2A5B9291174}.Release|Any CPU.ActiveCfg = Release|Any CPU
		{23963DB5-CEB3-42A9-874E-D2A5B9291174}.Release|Any CPU.Build.0 = Release|Any CPU
		{23963DB5-CEB3-42A9-874E-D2A5B9291174}.ReleaseContentPrebuild|Any CPU.ActiveCfg = ReleaseContentPrebuild|Any CPU
		{23963DB5-CEB3-42A9-874E-D2A5B9291174}.ReleaseContentPrebuild|Any CPU.Build.0 = ReleaseContentPrebuild|Any CPU
		{D098C2B1-C3AF-4322-9FC9-5EF7DB7337AB}.Debug|Any CPU.ActiveCfg = Debug|Any CPU
		{D098C2B1-C3AF-4322-9FC9-5EF7DB7337AB}.Debug|Any CPU.Build.0 = Debug|Any CPU
		{D098C2B1-C3AF-4322-9FC9-5EF7DB7337AB}.DebugContentPrebuild|Any CPU.ActiveCfg = DebugContentPrebuild|Any CPU
		{D098C2B1-C3AF-4322-9FC9-5EF7DB7337AB}.DebugContentPrebuild|Any CPU.Build.0 = DebugContentPrebuild|Any CPU
		{D098C2B1-C3AF-4322-9FC9-5EF7DB7337AB}.Release|Any CPU.ActiveCfg = Release|Any CPU
		{D098C2B1-C3AF-4322-9FC9-5EF7DB7337AB}.Release|Any CPU.Build.0 = Release|Any CPU
		{D098C2B1-C3AF-4322-9FC9-5EF7DB7337AB}.ReleaseContentPrebuild|Any CPU.ActiveCfg = ReleaseContentPrebuild|Any CPU
		{D098C2B1-C3AF-4322-9FC9-5EF7DB7337AB}.ReleaseContentPrebuild|Any CPU.Build.0 = ReleaseContentPrebuild|Any CPU
		{DA6129ED-A3D3-47BD-9AB5-FF6F5465F241}.Debug|Any CPU.ActiveCfg = Debug|Any CPU
		{DA6129ED-A3D3-47BD-9AB5-FF6F5465F241}.Debug|Any CPU.Build.0 = Debug|Any CPU
		{DA6129ED-A3D3-47BD-9AB5-FF6F5465F241}.DebugContentPrebuild|Any CPU.ActiveCfg = DebugContentPrebuild|Any CPU
		{DA6129ED-A3D3-47BD-9AB5-FF6F5465F241}.DebugContentPrebuild|Any CPU.Build.0 = DebugContentPrebuild|Any CPU
		{DA6129ED-A3D3-47BD-9AB5-FF6F5465F241}.Release|Any CPU.ActiveCfg = Release|Any CPU
		{DA6129ED-A3D3-47BD-9AB5-FF6F5465F241}.Release|Any CPU.Build.0 = Release|Any CPU
		{DA6129ED-A3D3-47BD-9AB5-FF6F5465F241}.ReleaseContentPrebuild|Any CPU.ActiveCfg = ReleaseContentPrebuild|Any CPU
		{DA6129ED-A3D3-47BD-9AB5-FF6F5465F241}.ReleaseContentPrebuild|Any CPU.Build.0 = ReleaseContentPrebuild|Any CPU
		{F9DF2E61-083F-4F11-A983-B4DBD0C1EF91}.Debug|Any CPU.ActiveCfg = Debug|Any CPU
		{F9DF2E61-083F-4F11-A983-B4DBD0C1EF91}.Debug|Any CPU.Build.0 = Debug|Any CPU
		{F9DF2E61-083F-4F11-A983-B4DBD0C1EF91}.DebugContentPrebuild|Any CPU.ActiveCfg = DebugContentPrebuild|Any CPU
		{F9DF2E61-083F-4F11-A983-B4DBD0C1EF91}.Release|Any CPU.ActiveCfg = Release|Any CPU
		{F9DF2E61-083F-4F11-A983-B4DBD0C1EF91}.Release|Any CPU.Build.0 = Release|Any CPU
		{F9DF2E61-083F-4F11-A983-B4DBD0C1EF91}.ReleaseContentPrebuild|Any CPU.ActiveCfg = ReleaseContentPrebuild|Any CPU
		{A9D94AC4-F8E1-4858-A0E6-D968354388F9}.Debug|Any CPU.ActiveCfg = Debug|Any CPU
		{A9D94AC4-F8E1-4858-A0E6-D968354388F9}.Debug|Any CPU.Build.0 = Debug|Any CPU
		{A9D94AC4-F8E1-4858-A0E6-D968354388F9}.DebugContentPrebuild|Any CPU.ActiveCfg = DebugContentPrebuild|Any CPU
		{A9D94AC4-F8E1-4858-A0E6-D968354388F9}.DebugContentPrebuild|Any CPU.Build.0 = DebugContentPrebuild|Any CPU
		{A9D94AC4-F8E1-4858-A0E6-D968354388F9}.Release|Any CPU.ActiveCfg = Release|Any CPU
		{A9D94AC4-F8E1-4858-A0E6-D968354388F9}.Release|Any CPU.Build.0 = Release|Any CPU
		{A9D94AC4-F8E1-4858-A0E6-D968354388F9}.ReleaseContentPrebuild|Any CPU.ActiveCfg = ReleaseContentPrebuild|Any CPU
		{A9D94AC4-F8E1-4858-A0E6-D968354388F9}.ReleaseContentPrebuild|Any CPU.Build.0 = ReleaseContentPrebuild|Any CPU
	EndGlobalSection
	GlobalSection(SolutionProperties) = preSolution
		HideSolutionNode = FALSE
	EndGlobalSection
	GlobalSection(MonoDevelopProperties) = preSolution
		Policies = $0
		$0.DotNetNamingPolicy = $1
		$1.DirectoryNamespaceAssociation = None
		$1.ResourceNamePolicy = FileFormatDefault
		$0.TextStylePolicy = $2
		$2.FileWidth = 120
		$2.TabsToSpaces = False
		$2.inheritsSet = VisualStudio
		$2.inheritsScope = text/plain
	EndGlobalSection
EndGlobal
