
Microsoft Visual Studio Solution File, Format Version 12.00
# Visual Studio 2012
Project("{FAE04EC0-301F-11D3-BF4B-00C04F79EFBC}") = "BattleLib", "BattleLib\BattleLib.csproj", "{04216BD8-0BA1-4ECD-8172-CDEB9C3D69D0}"
EndProject
Project("{FAE04EC0-301F-11D3-BF4B-00C04F79EFBC}") = "BattleLibTest", "BattleLibTest\BattleLibTest.csproj", "{F1B068E6-894C-4625-B176-3547992FDAA5}"
EndProject
Project("{FAE04EC0-301F-11D3-BF4B-00C04F79EFBC}") = "PokemonRules", "PokemonRules\PokemonRules.csproj", "{45F17BE4-A525-43BF-91D9-2503F69A08FD}"
EndProject
Project("{FAE04EC0-301F-11D3-BF4B-00C04F79EFBC}") = "PokemonRulesTest", "PokemonRulesTest\PokemonRulesTest.csproj", "{4E54ED71-E778-4C71-8E06-B231D5A9F180}"
EndProject
Project("{FAE04EC0-301F-11D3-BF4B-00C04F79EFBC}") = "Base", "Base\Base.csproj", "{DDF413D1-9BE0-446B-82AF-E10242E8B812}"
EndProject
Project("{FAE04EC0-301F-11D3-BF4B-00C04F79EFBC}") = "ToolsWPF", "ToolsWPF\ToolsWPF.csproj", "{FBB6DBB8-0698-4E85-AB6A-99B9A0850CB1}"
EndProject
Project("{FAE04EC0-301F-11D3-BF4B-00C04F79EFBC}") = "GameEngine", "GameEngine\GameEngine.csproj", "{23963DB5-CEB3-42A9-874E-D2A5B9291174}"
EndProject
Project("{FAE04EC0-301F-11D3-BF4B-00C04F79EFBC}") = "PokemonGame", "Game\PokemonGame.csproj", "{D098C2B1-C3AF-4322-9FC9-5EF7DB7337AB}"
EndProject
Project("{2150E333-8FDC-42A3-9474-1A3956D46DE8}") = ".nuget", ".nuget", "{9C6CEF9E-9CCA-4980-8499-48E53F0EB3EA}"
	ProjectSection(SolutionItems) = preProject
		.nuget\NuGet.Config = .nuget\NuGet.Config
		.nuget\NuGet.exe = .nuget\NuGet.exe
		.nuget\NuGet.targets = .nuget\NuGet.targets
	EndProjectSection
EndProject
Global
	GlobalSection(SolutionConfigurationPlatforms) = preSolution
		Debug|Any CPU = Debug|Any CPU
		Debug|x86 = Debug|x86
		Release|Any CPU = Release|Any CPU
		Release|x86 = Release|x86
	EndGlobalSection
	GlobalSection(ProjectConfigurationPlatforms) = postSolution
		{04216BD8-0BA1-4ECD-8172-CDEB9C3D69D0}.Debug|Any CPU.ActiveCfg = Debug|Any CPU
		{04216BD8-0BA1-4ECD-8172-CDEB9C3D69D0}.Debug|Any CPU.Build.0 = Debug|Any CPU
		{04216BD8-0BA1-4ECD-8172-CDEB9C3D69D0}.Debug|x86.ActiveCfg = Debug|Any CPU
		{04216BD8-0BA1-4ECD-8172-CDEB9C3D69D0}.Debug|x86.Build.0 = Debug|Any CPU
		{04216BD8-0BA1-4ECD-8172-CDEB9C3D69D0}.Release|Any CPU.ActiveCfg = Release|Any CPU
		{04216BD8-0BA1-4ECD-8172-CDEB9C3D69D0}.Release|Any CPU.Build.0 = Release|Any CPU
		{04216BD8-0BA1-4ECD-8172-CDEB9C3D69D0}.Release|x86.ActiveCfg = Release|Any CPU
		{04216BD8-0BA1-4ECD-8172-CDEB9C3D69D0}.Release|x86.Build.0 = Release|Any CPU
		{F1B068E6-894C-4625-B176-3547992FDAA5}.Debug|Any CPU.ActiveCfg = Debug|Any CPU
		{F1B068E6-894C-4625-B176-3547992FDAA5}.Debug|Any CPU.Build.0 = Debug|Any CPU
		{F1B068E6-894C-4625-B176-3547992FDAA5}.Debug|x86.ActiveCfg = Debug|Any CPU
		{F1B068E6-894C-4625-B176-3547992FDAA5}.Debug|x86.Build.0 = Debug|Any CPU
		{F1B068E6-894C-4625-B176-3547992FDAA5}.Release|Any CPU.ActiveCfg = Release|Any CPU
		{F1B068E6-894C-4625-B176-3547992FDAA5}.Release|Any CPU.Build.0 = Release|Any CPU
		{F1B068E6-894C-4625-B176-3547992FDAA5}.Release|x86.ActiveCfg = Release|Any CPU
		{F1B068E6-894C-4625-B176-3547992FDAA5}.Release|x86.Build.0 = Release|Any CPU
		{45F17BE4-A525-43BF-91D9-2503F69A08FD}.Debug|Any CPU.ActiveCfg = Debug|Any CPU
		{45F17BE4-A525-43BF-91D9-2503F69A08FD}.Debug|Any CPU.Build.0 = Debug|Any CPU
		{45F17BE4-A525-43BF-91D9-2503F69A08FD}.Debug|x86.ActiveCfg = Debug|Any CPU
		{45F17BE4-A525-43BF-91D9-2503F69A08FD}.Debug|x86.Build.0 = Debug|Any CPU
		{45F17BE4-A525-43BF-91D9-2503F69A08FD}.Release|Any CPU.ActiveCfg = Release|Any CPU
		{45F17BE4-A525-43BF-91D9-2503F69A08FD}.Release|Any CPU.Build.0 = Release|Any CPU
		{45F17BE4-A525-43BF-91D9-2503F69A08FD}.Release|x86.ActiveCfg = Release|Any CPU
		{45F17BE4-A525-43BF-91D9-2503F69A08FD}.Release|x86.Build.0 = Release|Any CPU
		{4E54ED71-E778-4C71-8E06-B231D5A9F180}.Debug|Any CPU.ActiveCfg = Debug|Any CPU
		{4E54ED71-E778-4C71-8E06-B231D5A9F180}.Debug|Any CPU.Build.0 = Debug|Any CPU
		{4E54ED71-E778-4C71-8E06-B231D5A9F180}.Debug|x86.ActiveCfg = Debug|Any CPU
		{4E54ED71-E778-4C71-8E06-B231D5A9F180}.Debug|x86.Build.0 = Debug|Any CPU
		{4E54ED71-E778-4C71-8E06-B231D5A9F180}.Release|Any CPU.ActiveCfg = Release|Any CPU
		{4E54ED71-E778-4C71-8E06-B231D5A9F180}.Release|Any CPU.Build.0 = Release|Any CPU
		{4E54ED71-E778-4C71-8E06-B231D5A9F180}.Release|x86.ActiveCfg = Release|Any CPU
		{4E54ED71-E778-4C71-8E06-B231D5A9F180}.Release|x86.Build.0 = Release|Any CPU
		{DDF413D1-9BE0-446B-82AF-E10242E8B812}.Debug|Any CPU.ActiveCfg = Debug|Any CPU
		{DDF413D1-9BE0-446B-82AF-E10242E8B812}.Debug|Any CPU.Build.0 = Debug|Any CPU
		{DDF413D1-9BE0-446B-82AF-E10242E8B812}.Debug|x86.ActiveCfg = Debug|Any CPU
		{DDF413D1-9BE0-446B-82AF-E10242E8B812}.Debug|x86.Build.0 = Debug|Any CPU
		{DDF413D1-9BE0-446B-82AF-E10242E8B812}.Release|Any CPU.ActiveCfg = Release|Any CPU
		{DDF413D1-9BE0-446B-82AF-E10242E8B812}.Release|Any CPU.Build.0 = Release|Any CPU
		{DDF413D1-9BE0-446B-82AF-E10242E8B812}.Release|x86.ActiveCfg = Release|Any CPU
		{DDF413D1-9BE0-446B-82AF-E10242E8B812}.Release|x86.Build.0 = Release|Any CPU
		{FBB6DBB8-0698-4E85-AB6A-99B9A0850CB1}.Debug|Any CPU.ActiveCfg = Debug|Any CPU
		{FBB6DBB8-0698-4E85-AB6A-99B9A0850CB1}.Debug|Any CPU.Build.0 = Debug|Any CPU
		{FBB6DBB8-0698-4E85-AB6A-99B9A0850CB1}.Debug|x86.ActiveCfg = Debug|Any CPU
		{FBB6DBB8-0698-4E85-AB6A-99B9A0850CB1}.Debug|x86.Build.0 = Debug|Any CPU
		{FBB6DBB8-0698-4E85-AB6A-99B9A0850CB1}.Release|Any CPU.ActiveCfg = Release|Any CPU
		{FBB6DBB8-0698-4E85-AB6A-99B9A0850CB1}.Release|Any CPU.Build.0 = Release|Any CPU
		{FBB6DBB8-0698-4E85-AB6A-99B9A0850CB1}.Release|x86.ActiveCfg = Release|Any CPU
		{FBB6DBB8-0698-4E85-AB6A-99B9A0850CB1}.Release|x86.Build.0 = Release|Any CPU
		{23963DB5-CEB3-42A9-874E-D2A5B9291174}.Debug|Any CPU.ActiveCfg = Debug|Any CPU
		{23963DB5-CEB3-42A9-874E-D2A5B9291174}.Debug|Any CPU.Build.0 = Debug|Any CPU
		{23963DB5-CEB3-42A9-874E-D2A5B9291174}.Debug|x86.ActiveCfg = Debug|Any CPU
		{23963DB5-CEB3-42A9-874E-D2A5B9291174}.Debug|x86.Build.0 = Debug|Any CPU
		{23963DB5-CEB3-42A9-874E-D2A5B9291174}.Release|Any CPU.ActiveCfg = Release|Any CPU
		{23963DB5-CEB3-42A9-874E-D2A5B9291174}.Release|Any CPU.Build.0 = Release|Any CPU
		{23963DB5-CEB3-42A9-874E-D2A5B9291174}.Release|x86.ActiveCfg = Release|Any CPU
		{23963DB5-CEB3-42A9-874E-D2A5B9291174}.Release|x86.Build.0 = Release|Any CPU
		{D098C2B1-C3AF-4322-9FC9-5EF7DB7337AB}.Debug|Any CPU.ActiveCfg = Debug|x86
		{D098C2B1-C3AF-4322-9FC9-5EF7DB7337AB}.Debug|Any CPU.Build.0 = Debug|x86
		{D098C2B1-C3AF-4322-9FC9-5EF7DB7337AB}.Debug|x86.ActiveCfg = Debug|x86
		{D098C2B1-C3AF-4322-9FC9-5EF7DB7337AB}.Debug|x86.Build.0 = Debug|x86
		{D098C2B1-C3AF-4322-9FC9-5EF7DB7337AB}.Release|Any CPU.ActiveCfg = Release|x86
		{D098C2B1-C3AF-4322-9FC9-5EF7DB7337AB}.Release|x86.ActiveCfg = Release|x86
		{D098C2B1-C3AF-4322-9FC9-5EF7DB7337AB}.Release|x86.Build.0 = Release|x86
	EndGlobalSection
	GlobalSection(SolutionProperties) = preSolution
		HideSolutionNode = FALSE
	EndGlobalSection
	GlobalSection(MonoDevelopProperties) = preSolution
		Policies = $0
		$0.DotNetNamingPolicy = $1
		$1.DirectoryNamespaceAssociation = None
		$1.ResourceNamePolicy = FileFormatDefault
		$0.TextStylePolicy = $2
		$2.FileWidth = 120
		$2.TabsToSpaces = False
		$2.inheritsSet = VisualStudio
		$2.inheritsScope = text/plain
	EndGlobalSection
EndGlobal
