
Microsoft Visual Studio Solution File, Format Version 12.00
# Visual Studio 14
VisualStudioVersion = 14.0.25420.1
MinimumVisualStudioVersion = 10.0.40219.1
Project("{FAE04EC0-301F-11D3-BF4B-00C04F79EFBC}") = "PokemonGame", "PokemonGame\PokemonGame.csproj", "{656B6FC8-6F6D-476E-616D-652E4C696E75}"
EndProject
Project("{FAE04EC0-301F-11D3-BF4B-00C04F79EFBC}") = "Base", "Base\Base.csproj", "{65736142-4C2E-6E69-7578-426173652E4C}"
EndProject
Project("{FAE04EC0-301F-11D3-BF4B-00C04F79EFBC}") = "BattleMode.Core", "BattleLib\BattleMode.Core.csproj", "{74746142-656C-694C-622E-4C696E757842}"
EndProject
Project("{FAE04EC0-301F-11D3-BF4B-00C04F79EFBC}") = "BattleModeTest", "BattleLibTest\BattleModeTest.csproj", "{74ECD6B0-656C-694C-6254-6573742E4C69}"
EndProject
Project("{FAE04EC0-301F-11D3-BF4B-00C04F79EFBC}") = "GameEngine.GUI.Test", "GameEngine.GUI.Test\GameEngine.GUI.Test.csproj", "{93E1D4AC-D791-DED5-E665-2E4755492E54}"
EndProject
Project("{FAE04EC0-301F-11D3-BF4B-00C04F79EFBC}") = "GameEngine.GUI", "GameEngine.GUI\GameEngine.GUI.csproj", "{DDE2CFB0-6E45-6967-6E65-2E4755492E4C}"
EndProject
Project("{FAE04EC0-301F-11D3-BF4B-00C04F79EFBC}") = "GameEngine.Globals", "GameEngine.Globals\GameEngine.Globals.csproj", "{B19BD4B3-DCAE-E1DC-6E65-2E476C6F6261}"
EndProject
Project("{FAE04EC0-301F-11D3-BF4B-00C04F79EFBC}") = "GameEngine.Core", "GameEngine\GameEngine.Core.csproj", "{656D6147-6E45-6967-6E65-2E4C696E7578}"
EndProject
Project("{FAE04EC0-301F-11D3-BF4B-00C04F79EFBC}") = "GameEngineTest", "GameEngineTest\GameEngineTest.csproj", "{DDE2CFB0-6E45-6967-6E65-546573742E4C}"
EndProject
Project("{FAE04EC0-301F-11D3-BF4B-00C04F79EFBC}") = "MainMode.Core", "MainModule\MainMode.Core.csproj", "{6E69614D-6F4D-7564-6C65-2E4C696E7578}"
EndProject
Project("{FAE04EC0-301F-11D3-BF4B-00C04F79EFBC}") = "MainModeTest", "MainModuleTest\MainModeTest.csproj", "{E6DECFB6-6F4D-7564-6C65-546573742E4C}"
EndProject
Project("{FAE04EC0-301F-11D3-BF4B-00C04F79EFBC}") = "PokemonRulesTest", "PokemonRulesTest\PokemonRulesTest.csproj", "{D3D4BB7E-E7E2-526E-756C-657354657374}"
EndProject
Project("{FAE04EC0-301F-11D3-BF4B-00C04F79EFBC}") = "GameEngine.TypeRegistry", "GameEngine\GameEngine.TypeRegistry\GameEngine.TypeRegistry.csproj", "{73200884-85C6-4A3D-A3C2-A53D9C632613}"
EndProject
Project("{2150E333-8FDC-42A3-9474-1A3956D46DE8}") = "GameEngine", "GameEngine", "{36033961-4F42-4203-8274-40942A990CD5}"
EndProject
Project("{2150E333-8FDC-42A3-9474-1A3956D46DE8}") = "BattleMode", "BattleMode", "{0E1F184C-E964-4487-A287-0D4ED3037099}"
EndProject
Project("{2150E333-8FDC-42A3-9474-1A3956D46DE8}") = "MainMode", "MainMode", "{928DD4DD-7C31-4D48-ADC4-0CD911E22FC5}"
EndProject
Global
	GlobalSection(SolutionConfigurationPlatforms) = preSolution
		Debug|Any CPU = Debug|Any CPU
		Release|Any CPU = Release|Any CPU
	EndGlobalSection
	GlobalSection(ProjectConfigurationPlatforms) = postSolution
		{656B6FC8-6F6D-476E-616D-652E4C696E75}.Debug|Any CPU.ActiveCfg = Debug|Any CPU
		{656B6FC8-6F6D-476E-616D-652E4C696E75}.Debug|Any CPU.Build.0 = Debug|Any CPU
		{656B6FC8-6F6D-476E-616D-652E4C696E75}.Release|Any CPU.ActiveCfg = Release|Any CPU
		{656B6FC8-6F6D-476E-616D-652E4C696E75}.Release|Any CPU.Build.0 = Release|Any CPU
		{65736142-4C2E-6E69-7578-426173652E4C}.Debug|Any CPU.ActiveCfg = Debug|Any CPU
		{65736142-4C2E-6E69-7578-426173652E4C}.Debug|Any CPU.Build.0 = Debug|Any CPU
		{65736142-4C2E-6E69-7578-426173652E4C}.Release|Any CPU.ActiveCfg = Release|Any CPU
		{65736142-4C2E-6E69-7578-426173652E4C}.Release|Any CPU.Build.0 = Release|Any CPU
		{74746142-656C-694C-622E-4C696E757842}.Debug|Any CPU.ActiveCfg = Debug|Any CPU
		{74746142-656C-694C-622E-4C696E757842}.Debug|Any CPU.Build.0 = Debug|Any CPU
		{74746142-656C-694C-622E-4C696E757842}.Release|Any CPU.ActiveCfg = Release|Any CPU
		{74746142-656C-694C-622E-4C696E757842}.Release|Any CPU.Build.0 = Release|Any CPU
		{74ECD6B0-656C-694C-6254-6573742E4C69}.Debug|Any CPU.ActiveCfg = Debug|Any CPU
		{74ECD6B0-656C-694C-6254-6573742E4C69}.Debug|Any CPU.Build.0 = Debug|Any CPU
		{74ECD6B0-656C-694C-6254-6573742E4C69}.Release|Any CPU.ActiveCfg = Release|Any CPU
		{74ECD6B0-656C-694C-6254-6573742E4C69}.Release|Any CPU.Build.0 = Release|Any CPU
		{93E1D4AC-D791-DED5-E665-2E4755492E54}.Debug|Any CPU.ActiveCfg = Debug|Any CPU
		{93E1D4AC-D791-DED5-E665-2E4755492E54}.Debug|Any CPU.Build.0 = Debug|Any CPU
		{93E1D4AC-D791-DED5-E665-2E4755492E54}.Release|Any CPU.ActiveCfg = Release|Any CPU
		{93E1D4AC-D791-DED5-E665-2E4755492E54}.Release|Any CPU.Build.0 = Release|Any CPU
		{DDE2CFB0-6E45-6967-6E65-2E4755492E4C}.Debug|Any CPU.ActiveCfg = Debug|Any CPU
		{DDE2CFB0-6E45-6967-6E65-2E4755492E4C}.Debug|Any CPU.Build.0 = Debug|Any CPU
		{DDE2CFB0-6E45-6967-6E65-2E4755492E4C}.Release|Any CPU.ActiveCfg = Release|Any CPU
		{DDE2CFB0-6E45-6967-6E65-2E4755492E4C}.Release|Any CPU.Build.0 = Release|Any CPU
		{B19BD4B3-DCAE-E1DC-6E65-2E476C6F6261}.Debug|Any CPU.ActiveCfg = Debug|Any CPU
		{B19BD4B3-DCAE-E1DC-6E65-2E476C6F6261}.Debug|Any CPU.Build.0 = Debug|Any CPU
		{B19BD4B3-DCAE-E1DC-6E65-2E476C6F6261}.Release|Any CPU.ActiveCfg = Release|Any CPU
		{B19BD4B3-DCAE-E1DC-6E65-2E476C6F6261}.Release|Any CPU.Build.0 = Release|Any CPU
		{656D6147-6E45-6967-6E65-2E4C696E7578}.Debug|Any CPU.ActiveCfg = Debug|Any CPU
		{656D6147-6E45-6967-6E65-2E4C696E7578}.Debug|Any CPU.Build.0 = Debug|Any CPU
		{656D6147-6E45-6967-6E65-2E4C696E7578}.Release|Any CPU.ActiveCfg = Release|Any CPU
		{656D6147-6E45-6967-6E65-2E4C696E7578}.Release|Any CPU.Build.0 = Release|Any CPU
		{DDE2CFB0-6E45-6967-6E65-546573742E4C}.Debug|Any CPU.ActiveCfg = Debug|Any CPU
		{DDE2CFB0-6E45-6967-6E65-546573742E4C}.Debug|Any CPU.Build.0 = Debug|Any CPU
		{DDE2CFB0-6E45-6967-6E65-546573742E4C}.Release|Any CPU.ActiveCfg = Release|Any CPU
		{DDE2CFB0-6E45-6967-6E65-546573742E4C}.Release|Any CPU.Build.0 = Release|Any CPU
		{6E69614D-6F4D-7564-6C65-2E4C696E7578}.Debug|Any CPU.ActiveCfg = Debug|Any CPU
		{6E69614D-6F4D-7564-6C65-2E4C696E7578}.Debug|Any CPU.Build.0 = Debug|Any CPU
		{6E69614D-6F4D-7564-6C65-2E4C696E7578}.Release|Any CPU.ActiveCfg = Release|Any CPU
		{6E69614D-6F4D-7564-6C65-2E4C696E7578}.Release|Any CPU.Build.0 = Release|Any CPU
		{E6DECFB6-6F4D-7564-6C65-546573742E4C}.Debug|Any CPU.ActiveCfg = Debug|Any CPU
		{E6DECFB6-6F4D-7564-6C65-546573742E4C}.Debug|Any CPU.Build.0 = Debug|Any CPU
		{E6DECFB6-6F4D-7564-6C65-546573742E4C}.Release|Any CPU.ActiveCfg = Release|Any CPU
		{E6DECFB6-6F4D-7564-6C65-546573742E4C}.Release|Any CPU.Build.0 = Release|Any CPU
		{D3D4BB7E-E7E2-526E-756C-657354657374}.Debug|Any CPU.ActiveCfg = Debug|Any CPU
		{D3D4BB7E-E7E2-526E-756C-657354657374}.Debug|Any CPU.Build.0 = Debug|Any CPU
		{D3D4BB7E-E7E2-526E-756C-657354657374}.Release|Any CPU.ActiveCfg = Release|Any CPU
		{D3D4BB7E-E7E2-526E-756C-657354657374}.Release|Any CPU.Build.0 = Release|Any CPU
		{73200884-85C6-4A3D-A3C2-A53D9C632613}.Debug|Any CPU.ActiveCfg = Debug|Any CPU
		{73200884-85C6-4A3D-A3C2-A53D9C632613}.Debug|Any CPU.Build.0 = Debug|Any CPU
		{73200884-85C6-4A3D-A3C2-A53D9C632613}.Release|Any CPU.ActiveCfg = Release|Any CPU
		{73200884-85C6-4A3D-A3C2-A53D9C632613}.Release|Any CPU.Build.0 = Release|Any CPU
	EndGlobalSection
	GlobalSection(SolutionProperties) = preSolution
		HideSolutionNode = FALSE
	EndGlobalSection
	GlobalSection(NestedProjects) = preSolution
		{74746142-656C-694C-622E-4C696E757842} = {0E1F184C-E964-4487-A287-0D4ED3037099}
		{74ECD6B0-656C-694C-6254-6573742E4C69} = {0E1F184C-E964-4487-A287-0D4ED3037099}
		{93E1D4AC-D791-DED5-E665-2E4755492E54} = {36033961-4F42-4203-8274-40942A990CD5}
		{DDE2CFB0-6E45-6967-6E65-2E4755492E4C} = {36033961-4F42-4203-8274-40942A990CD5}
		{B19BD4B3-DCAE-E1DC-6E65-2E476C6F6261} = {36033961-4F42-4203-8274-40942A990CD5}
		{656D6147-6E45-6967-6E65-2E4C696E7578} = {36033961-4F42-4203-8274-40942A990CD5}
		{DDE2CFB0-6E45-6967-6E65-546573742E4C} = {36033961-4F42-4203-8274-40942A990CD5}
		{6E69614D-6F4D-7564-6C65-2E4C696E7578} = {928DD4DD-7C31-4D48-ADC4-0CD911E22FC5}
		{E6DECFB6-6F4D-7564-6C65-546573742E4C} = {928DD4DD-7C31-4D48-ADC4-0CD911E22FC5}
		{73200884-85C6-4A3D-A3C2-A53D9C632613} = {36033961-4F42-4203-8274-40942A990CD5}
	EndGlobalSection
EndGlobal
