
Microsoft Visual Studio Solution File, Format Version 12.00
# Visual Studio 14
VisualStudioVersion = 14.0.25420.1
MinimumVisualStudioVersion = 10.0.40219.1
Project("{FAE04EC0-301F-11D3-BF4B-00C04F79EFBC}") = "PokemonGame", "PokemonGame\PokemonGame.csproj", "{656B6FC8-6F6D-476E-616D-652E4C696E75}"
EndProject
Project("{FAE04EC0-301F-11D3-BF4B-00C04F79EFBC}") = "Base", "Base\Base.csproj", "{65736142-4C2E-6E69-7578-426173652E4C}"
EndProject
Project("{FAE04EC0-301F-11D3-BF4B-00C04F79EFBC}") = "BattleMode.Core", "BattleMode.Core\BattleMode.Core.csproj", "{74746142-656C-694C-622E-4C696E757842}"
	ProjectSection(ProjectDependencies) = postProject
		{7C124625-9566-46E9-BF6B-D045F90B35A1} = {7C124625-9566-46E9-BF6B-D045F90B35A1}
		{0194EA5F-B7C8-4087-9680-21E19334F1E7} = {0194EA5F-B7C8-4087-9680-21E19334F1E7}
		{627954FA-93D0-4524-B2AD-E7D301DAC6AE} = {627954FA-93D0-4524-B2AD-E7D301DAC6AE}
	EndProjectSection
EndProject
Project("{FAE04EC0-301F-11D3-BF4B-00C04F79EFBC}") = "BattleModeTest", "BattleModeTest\BattleModeTest.csproj", "{74ECD6B0-656C-694C-6254-6573742E4C69}"
EndProject
Project("{FAE04EC0-301F-11D3-BF4B-00C04F79EFBC}") = "GameEngine.GUI.Test", "GameEngine.GUI.Test\GameEngine.GUI.Test.csproj", "{93E1D4AC-D791-DED5-E665-2E4755492E54}"
EndProject
Project("{FAE04EC0-301F-11D3-BF4B-00C04F79EFBC}") = "GameEngine.GUI", "GameEngine.GUI\GameEngine.GUI.csproj", "{DDE2CFB0-6E45-6967-6E65-2E4755492E4C}"
EndProject
Project("{FAE04EC0-301F-11D3-BF4B-00C04F79EFBC}") = "GameEngine.Globals", "GameEngine.Globals\GameEngine.Globals.csproj", "{B19BD4B3-DCAE-E1DC-6E65-2E476C6F6261}"
EndProject
Project("{FAE04EC0-301F-11D3-BF4B-00C04F79EFBC}") = "GameEngine.Core", "GameEngine.Core\GameEngine.Core.csproj", "{656D6147-6E45-6967-6E65-2E4C696E7578}"
EndProject
Project("{FAE04EC0-301F-11D3-BF4B-00C04F79EFBC}") = "GameEngineTest", "GameEngineTest\GameEngineTest.csproj", "{DDE2CFB0-6E45-6967-6E65-546573742E4C}"
EndProject
Project("{FAE04EC0-301F-11D3-BF4B-00C04F79EFBC}") = "MainMode.Core", "MainMode.Core\MainMode.Core.csproj", "{6E69614D-6F4D-7564-6C65-2E4C696E7578}"
EndProject
Project("{FAE04EC0-301F-11D3-BF4B-00C04F79EFBC}") = "MainModeTest", "MainModeTest\MainModeTest.csproj", "{E6DECFB6-6F4D-7564-6C65-546573742E4C}"
	ProjectSection(ProjectDependencies) = postProject
		{B19BD4B3-DCAE-E1DC-6E65-2E476C6F6261} = {B19BD4B3-DCAE-E1DC-6E65-2E476C6F6261}
	EndProjectSection
EndProject
Project("{FAE04EC0-301F-11D3-BF4B-00C04F79EFBC}") = "GameEngine.TypeRegistry", "GameEngine.TypeRegistry\GameEngine.TypeRegistry.csproj", "{73200884-85C6-4A3D-A3C2-A53D9C632613}"
EndProject
Project("{2150E333-8FDC-42A3-9474-1A3956D46DE8}") = "GameEngine", "GameEngine", "{36033961-4F42-4203-8274-40942A990CD5}"
EndProject
Project("{2150E333-8FDC-42A3-9474-1A3956D46DE8}") = "BattleMode", "BattleMode", "{0E1F184C-E964-4487-A287-0D4ED3037099}"
EndProject
Project("{2150E333-8FDC-42A3-9474-1A3956D46DE8}") = "MainMode", "MainMode", "{928DD4DD-7C31-4D48-ADC4-0CD911E22FC5}"
EndProject
Project("{FAE04EC0-301F-11D3-BF4B-00C04F79EFBC}") = "BattleMode.Gui", "BattleMode.Gui\BattleMode.Gui.csproj", "{0194EA5F-B7C8-4087-9680-21E19334F1E7}"
	ProjectSection(ProjectDependencies) = postProject
		{7C124625-9566-46E9-BF6B-D045F90B35A1} = {7C124625-9566-46E9-BF6B-D045F90B35A1}
		{627954FA-93D0-4524-B2AD-E7D301DAC6AE} = {627954FA-93D0-4524-B2AD-E7D301DAC6AE}
	EndProjectSection
EndProject
Project("{FAE04EC0-301F-11D3-BF4B-00C04F79EFBC}") = "BattleMode.Entities", "BattleMode.Entities\BattleMode.Entities.csproj", "{7C124625-9566-46E9-BF6B-D045F90B35A1}"
	ProjectSection(ProjectDependencies) = postProject
		{627954FA-93D0-4524-B2AD-E7D301DAC6AE} = {627954FA-93D0-4524-B2AD-E7D301DAC6AE}
	EndProjectSection
EndProject
Project("{FAE04EC0-301F-11D3-BF4B-00C04F79EFBC}") = "BattleMode.Shared", "BattleMode.Shared\BattleMode.Shared.csproj", "{627954FA-93D0-4524-B2AD-E7D301DAC6AE}"
EndProject
Project("{FAE04EC0-301F-11D3-BF4B-00C04F79EFBC}") = "GameEngine.Graphics", "GameEngine.Graphics\GameEngine.Graphics.csproj", "{0205D32E-BE54-4B98-A66E-85D4A0C02B6A}"
EndProject
Project("{FAE04EC0-301F-11D3-BF4B-00C04F79EFBC}") = "GameEngine.Entities", "GameEngine.Entities\GameEngine.Entities.csproj", "{C80E7E11-9184-46F3-B66E-236229E44614}"
EndProject
Project("{FAE04EC0-301F-11D3-BF4B-00C04F79EFBC}") = "BattleMode.Graphic", "BattleMode.Graphic\BattleMode.Graphic.csproj", "{D94B6FAF-A173-42B5-AC09-59200DA76024}"
EndProject
Project("{FAE04EC0-301F-11D3-BF4B-00C04F79EFBC}") = "GameEngine.Pokemon", "GameEngine.Pokemon\GameEngine.Pokemon.csproj", "{6DB8A02E-92BD-4F9D-A091-8A6685AD64D7}"
EndProject
Project("{FAE04EC0-301F-11D3-BF4B-00C04F79EFBC}") = "MainMode.Graphic", "MainMode.Graphic\MainMode.Graphic.csproj", "{D90A00CD-0053-4846-B278-DEBFAA1D85E4}"
EndProject
Project("{FAE04EC0-301F-11D3-BF4B-00C04F79EFBC}") = "MainMode.Globals", "MainMode.Globals\MainMode.Globals.csproj", "{D1FEA8CF-F9EB-40F7-A2CF-9E26201A0EB3}"
EndProject
Project("{FAE04EC0-301F-11D3-BF4B-00C04F79EFBC}") = "MainMode.Entities", "MainMode.Entities\MainMode.Entities.csproj", "{81F74F93-A308-4037-B184-40DBD986613E}"
EndProject
Project("{FAE04EC0-301F-11D3-BF4B-00C04F79EFBC}") = "GameEngine.Scripting", "GameEngine.TypeRegistry\GameEngine.Scripting\GameEngine.Scripting.csproj", "{7D0D00BF-E41F-4E3E-A419-388A45132EA8}"
EndProject
Project("{FAE04EC0-301F-11D3-BF4B-00C04F79EFBC}") = "GameEngine.Tools", "GameEngine.Tools\GameEngine.Tools.csproj", "{1CA01096-AE42-4FF6-BF8D-AB39A94F4F6F}"
EndProject
Project("{2150E333-8FDC-42A3-9474-1A3956D46DE8}") = "Pokemon", "Pokemon", "{998F0684-5579-47D1-A8E4-6F24AF9E68C8}"
EndProject
Project("{FAE04EC0-301F-11D3-BF4B-00C04F79EFBC}") = "Pokemon.Data", "Pokemon.Data\Pokemon.Data.csproj", "{7A7A9117-EEB0-43A5-84FF-9BCA7E393C85}"
EndProject
Project("{FAE04EC0-301F-11D3-BF4B-00C04F79EFBC}") = "PokemonModels", "PokemonModels\PokemonModels.csproj", "{9403C59F-8E52-4006-9827-64CDB4241E79}"
EndProject
Project("{FAE04EC0-301F-11D3-BF4B-00C04F79EFBC}") = "Pokemon.Services", "Pokemon.Services\Pokemon.Services.csproj", "{7FA7EE85-0D0A-4C40-8FCA-CFFD8F67E13C}"
EndProject
Global
	GlobalSection(SolutionConfigurationPlatforms) = preSolution
		Debug|Any CPU = Debug|Any CPU
		Release|Any CPU = Release|Any CPU
	EndGlobalSection
	GlobalSection(ProjectConfigurationPlatforms) = postSolution
		{656B6FC8-6F6D-476E-616D-652E4C696E75}.Debug|Any CPU.ActiveCfg = Debug|Any CPU
		{656B6FC8-6F6D-476E-616D-652E4C696E75}.Debug|Any CPU.Build.0 = Debug|Any CPU
		{656B6FC8-6F6D-476E-616D-652E4C696E75}.Release|Any CPU.ActiveCfg = Release|Any CPU
		{656B6FC8-6F6D-476E-616D-652E4C696E75}.Release|Any CPU.Build.0 = Release|Any CPU
		{65736142-4C2E-6E69-7578-426173652E4C}.Debug|Any CPU.ActiveCfg = Debug|Any CPU
		{65736142-4C2E-6E69-7578-426173652E4C}.Debug|Any CPU.Build.0 = Debug|Any CPU
		{65736142-4C2E-6E69-7578-426173652E4C}.Release|Any CPU.ActiveCfg = Release|Any CPU
		{65736142-4C2E-6E69-7578-426173652E4C}.Release|Any CPU.Build.0 = Release|Any CPU
		{74746142-656C-694C-622E-4C696E757842}.Debug|Any CPU.ActiveCfg = Debug|Any CPU
		{74746142-656C-694C-622E-4C696E757842}.Debug|Any CPU.Build.0 = Debug|Any CPU
		{74746142-656C-694C-622E-4C696E757842}.Release|Any CPU.ActiveCfg = Release|Any CPU
		{74746142-656C-694C-622E-4C696E757842}.Release|Any CPU.Build.0 = Release|Any CPU
		{74ECD6B0-656C-694C-6254-6573742E4C69}.Debug|Any CPU.ActiveCfg = Debug|Any CPU
		{74ECD6B0-656C-694C-6254-6573742E4C69}.Debug|Any CPU.Build.0 = Debug|Any CPU
		{74ECD6B0-656C-694C-6254-6573742E4C69}.Release|Any CPU.ActiveCfg = Release|Any CPU
		{74ECD6B0-656C-694C-6254-6573742E4C69}.Release|Any CPU.Build.0 = Release|Any CPU
		{93E1D4AC-D791-DED5-E665-2E4755492E54}.Debug|Any CPU.ActiveCfg = Debug|Any CPU
		{93E1D4AC-D791-DED5-E665-2E4755492E54}.Debug|Any CPU.Build.0 = Debug|Any CPU
		{93E1D4AC-D791-DED5-E665-2E4755492E54}.Release|Any CPU.ActiveCfg = Release|Any CPU
		{93E1D4AC-D791-DED5-E665-2E4755492E54}.Release|Any CPU.Build.0 = Release|Any CPU
		{DDE2CFB0-6E45-6967-6E65-2E4755492E4C}.Debug|Any CPU.ActiveCfg = Debug|Any CPU
		{DDE2CFB0-6E45-6967-6E65-2E4755492E4C}.Debug|Any CPU.Build.0 = Debug|Any CPU
		{DDE2CFB0-6E45-6967-6E65-2E4755492E4C}.Release|Any CPU.ActiveCfg = Release|Any CPU
		{DDE2CFB0-6E45-6967-6E65-2E4755492E4C}.Release|Any CPU.Build.0 = Release|Any CPU
		{B19BD4B3-DCAE-E1DC-6E65-2E476C6F6261}.Debug|Any CPU.ActiveCfg = Debug|Any CPU
		{B19BD4B3-DCAE-E1DC-6E65-2E476C6F6261}.Debug|Any CPU.Build.0 = Debug|Any CPU
		{B19BD4B3-DCAE-E1DC-6E65-2E476C6F6261}.Release|Any CPU.ActiveCfg = Release|Any CPU
		{B19BD4B3-DCAE-E1DC-6E65-2E476C6F6261}.Release|Any CPU.Build.0 = Release|Any CPU
		{656D6147-6E45-6967-6E65-2E4C696E7578}.Debug|Any CPU.ActiveCfg = Debug|Any CPU
		{656D6147-6E45-6967-6E65-2E4C696E7578}.Debug|Any CPU.Build.0 = Debug|Any CPU
		{656D6147-6E45-6967-6E65-2E4C696E7578}.Release|Any CPU.ActiveCfg = Release|Any CPU
		{656D6147-6E45-6967-6E65-2E4C696E7578}.Release|Any CPU.Build.0 = Release|Any CPU
		{DDE2CFB0-6E45-6967-6E65-546573742E4C}.Debug|Any CPU.ActiveCfg = Debug|Any CPU
		{DDE2CFB0-6E45-6967-6E65-546573742E4C}.Debug|Any CPU.Build.0 = Debug|Any CPU
		{DDE2CFB0-6E45-6967-6E65-546573742E4C}.Release|Any CPU.ActiveCfg = Release|Any CPU
		{DDE2CFB0-6E45-6967-6E65-546573742E4C}.Release|Any CPU.Build.0 = Release|Any CPU
		{6E69614D-6F4D-7564-6C65-2E4C696E7578}.Debug|Any CPU.ActiveCfg = Debug|Any CPU
		{6E69614D-6F4D-7564-6C65-2E4C696E7578}.Debug|Any CPU.Build.0 = Debug|Any CPU
		{6E69614D-6F4D-7564-6C65-2E4C696E7578}.Release|Any CPU.ActiveCfg = Release|Any CPU
		{6E69614D-6F4D-7564-6C65-2E4C696E7578}.Release|Any CPU.Build.0 = Release|Any CPU
		{E6DECFB6-6F4D-7564-6C65-546573742E4C}.Debug|Any CPU.ActiveCfg = Debug|Any CPU
		{E6DECFB6-6F4D-7564-6C65-546573742E4C}.Debug|Any CPU.Build.0 = Debug|Any CPU
		{E6DECFB6-6F4D-7564-6C65-546573742E4C}.Release|Any CPU.ActiveCfg = Release|Any CPU
		{E6DECFB6-6F4D-7564-6C65-546573742E4C}.Release|Any CPU.Build.0 = Release|Any CPU
		{73200884-85C6-4A3D-A3C2-A53D9C632613}.Debug|Any CPU.ActiveCfg = Debug|Any CPU
		{73200884-85C6-4A3D-A3C2-A53D9C632613}.Debug|Any CPU.Build.0 = Debug|Any CPU
		{73200884-85C6-4A3D-A3C2-A53D9C632613}.Release|Any CPU.ActiveCfg = Release|Any CPU
		{73200884-85C6-4A3D-A3C2-A53D9C632613}.Release|Any CPU.Build.0 = Release|Any CPU
		{0194EA5F-B7C8-4087-9680-21E19334F1E7}.Debug|Any CPU.ActiveCfg = Debug|Any CPU
		{0194EA5F-B7C8-4087-9680-21E19334F1E7}.Debug|Any CPU.Build.0 = Debug|Any CPU
		{0194EA5F-B7C8-4087-9680-21E19334F1E7}.Release|Any CPU.ActiveCfg = Release|Any CPU
		{0194EA5F-B7C8-4087-9680-21E19334F1E7}.Release|Any CPU.Build.0 = Release|Any CPU
		{7C124625-9566-46E9-BF6B-D045F90B35A1}.Debug|Any CPU.ActiveCfg = Debug|Any CPU
		{7C124625-9566-46E9-BF6B-D045F90B35A1}.Debug|Any CPU.Build.0 = Debug|Any CPU
		{7C124625-9566-46E9-BF6B-D045F90B35A1}.Release|Any CPU.ActiveCfg = Release|Any CPU
		{7C124625-9566-46E9-BF6B-D045F90B35A1}.Release|Any CPU.Build.0 = Release|Any CPU
		{627954FA-93D0-4524-B2AD-E7D301DAC6AE}.Debug|Any CPU.ActiveCfg = Debug|Any CPU
		{627954FA-93D0-4524-B2AD-E7D301DAC6AE}.Debug|Any CPU.Build.0 = Debug|Any CPU
		{627954FA-93D0-4524-B2AD-E7D301DAC6AE}.Release|Any CPU.ActiveCfg = Release|Any CPU
		{627954FA-93D0-4524-B2AD-E7D301DAC6AE}.Release|Any CPU.Build.0 = Release|Any CPU
		{0205D32E-BE54-4B98-A66E-85D4A0C02B6A}.Debug|Any CPU.ActiveCfg = Debug|Any CPU
		{0205D32E-BE54-4B98-A66E-85D4A0C02B6A}.Debug|Any CPU.Build.0 = Debug|Any CPU
		{0205D32E-BE54-4B98-A66E-85D4A0C02B6A}.Release|Any CPU.ActiveCfg = Release|Any CPU
		{0205D32E-BE54-4B98-A66E-85D4A0C02B6A}.Release|Any CPU.Build.0 = Release|Any CPU
		{C80E7E11-9184-46F3-B66E-236229E44614}.Debug|Any CPU.ActiveCfg = Debug|Any CPU
		{C80E7E11-9184-46F3-B66E-236229E44614}.Debug|Any CPU.Build.0 = Debug|Any CPU
		{C80E7E11-9184-46F3-B66E-236229E44614}.Release|Any CPU.ActiveCfg = Release|Any CPU
		{C80E7E11-9184-46F3-B66E-236229E44614}.Release|Any CPU.Build.0 = Release|Any CPU
		{D94B6FAF-A173-42B5-AC09-59200DA76024}.Debug|Any CPU.ActiveCfg = Debug|Any CPU
		{D94B6FAF-A173-42B5-AC09-59200DA76024}.Debug|Any CPU.Build.0 = Debug|Any CPU
		{D94B6FAF-A173-42B5-AC09-59200DA76024}.Release|Any CPU.ActiveCfg = Release|Any CPU
		{D94B6FAF-A173-42B5-AC09-59200DA76024}.Release|Any CPU.Build.0 = Release|Any CPU
		{6DB8A02E-92BD-4F9D-A091-8A6685AD64D7}.Debug|Any CPU.ActiveCfg = Debug|Any CPU
		{6DB8A02E-92BD-4F9D-A091-8A6685AD64D7}.Debug|Any CPU.Build.0 = Debug|Any CPU
		{6DB8A02E-92BD-4F9D-A091-8A6685AD64D7}.Release|Any CPU.ActiveCfg = Release|Any CPU
		{6DB8A02E-92BD-4F9D-A091-8A6685AD64D7}.Release|Any CPU.Build.0 = Release|Any CPU
		{D90A00CD-0053-4846-B278-DEBFAA1D85E4}.Debug|Any CPU.ActiveCfg = Debug|Any CPU
		{D90A00CD-0053-4846-B278-DEBFAA1D85E4}.Debug|Any CPU.Build.0 = Debug|Any CPU
		{D90A00CD-0053-4846-B278-DEBFAA1D85E4}.Release|Any CPU.ActiveCfg = Release|Any CPU
		{D90A00CD-0053-4846-B278-DEBFAA1D85E4}.Release|Any CPU.Build.0 = Release|Any CPU
		{D1FEA8CF-F9EB-40F7-A2CF-9E26201A0EB3}.Debug|Any CPU.ActiveCfg = Debug|Any CPU
		{D1FEA8CF-F9EB-40F7-A2CF-9E26201A0EB3}.Debug|Any CPU.Build.0 = Debug|Any CPU
		{D1FEA8CF-F9EB-40F7-A2CF-9E26201A0EB3}.Release|Any CPU.ActiveCfg = Release|Any CPU
		{D1FEA8CF-F9EB-40F7-A2CF-9E26201A0EB3}.Release|Any CPU.Build.0 = Release|Any CPU
		{81F74F93-A308-4037-B184-40DBD986613E}.Debug|Any CPU.ActiveCfg = Debug|Any CPU
		{81F74F93-A308-4037-B184-40DBD986613E}.Debug|Any CPU.Build.0 = Debug|Any CPU
		{81F74F93-A308-4037-B184-40DBD986613E}.Release|Any CPU.ActiveCfg = Release|Any CPU
		{81F74F93-A308-4037-B184-40DBD986613E}.Release|Any CPU.Build.0 = Release|Any CPU
		{7D0D00BF-E41F-4E3E-A419-388A45132EA8}.Debug|Any CPU.ActiveCfg = Debug|Any CPU
		{7D0D00BF-E41F-4E3E-A419-388A45132EA8}.Debug|Any CPU.Build.0 = Debug|Any CPU
		{7D0D00BF-E41F-4E3E-A419-388A45132EA8}.Release|Any CPU.ActiveCfg = Release|Any CPU
		{7D0D00BF-E41F-4E3E-A419-388A45132EA8}.Release|Any CPU.Build.0 = Release|Any CPU
		{1CA01096-AE42-4FF6-BF8D-AB39A94F4F6F}.Debug|Any CPU.ActiveCfg = Debug|Any CPU
		{1CA01096-AE42-4FF6-BF8D-AB39A94F4F6F}.Debug|Any CPU.Build.0 = Debug|Any CPU
		{1CA01096-AE42-4FF6-BF8D-AB39A94F4F6F}.Release|Any CPU.ActiveCfg = Release|Any CPU
		{1CA01096-AE42-4FF6-BF8D-AB39A94F4F6F}.Release|Any CPU.Build.0 = Release|Any CPU
		{7A7A9117-EEB0-43A5-84FF-9BCA7E393C85}.Debug|Any CPU.ActiveCfg = Debug|Any CPU
		{7A7A9117-EEB0-43A5-84FF-9BCA7E393C85}.Debug|Any CPU.Build.0 = Debug|Any CPU
		{7A7A9117-EEB0-43A5-84FF-9BCA7E393C85}.Release|Any CPU.ActiveCfg = Release|Any CPU
		{7A7A9117-EEB0-43A5-84FF-9BCA7E393C85}.Release|Any CPU.Build.0 = Release|Any CPU
		{9403C59F-8E52-4006-9827-64CDB4241E79}.Debug|Any CPU.ActiveCfg = Debug|Any CPU
		{9403C59F-8E52-4006-9827-64CDB4241E79}.Debug|Any CPU.Build.0 = Debug|Any CPU
		{9403C59F-8E52-4006-9827-64CDB4241E79}.Release|Any CPU.ActiveCfg = Release|Any CPU
		{9403C59F-8E52-4006-9827-64CDB4241E79}.Release|Any CPU.Build.0 = Release|Any CPU
		{7FA7EE85-0D0A-4C40-8FCA-CFFD8F67E13C}.Debug|Any CPU.ActiveCfg = Debug|Any CPU
		{7FA7EE85-0D0A-4C40-8FCA-CFFD8F67E13C}.Debug|Any CPU.Build.0 = Debug|Any CPU
		{7FA7EE85-0D0A-4C40-8FCA-CFFD8F67E13C}.Release|Any CPU.ActiveCfg = Release|Any CPU
		{7FA7EE85-0D0A-4C40-8FCA-CFFD8F67E13C}.Release|Any CPU.Build.0 = Release|Any CPU
	EndGlobalSection
	GlobalSection(SolutionProperties) = preSolution
		HideSolutionNode = FALSE
	EndGlobalSection
	GlobalSection(NestedProjects) = preSolution
		{74746142-656C-694C-622E-4C696E757842} = {0E1F184C-E964-4487-A287-0D4ED3037099}
		{74ECD6B0-656C-694C-6254-6573742E4C69} = {0E1F184C-E964-4487-A287-0D4ED3037099}
		{93E1D4AC-D791-DED5-E665-2E4755492E54} = {36033961-4F42-4203-8274-40942A990CD5}
		{DDE2CFB0-6E45-6967-6E65-2E4755492E4C} = {36033961-4F42-4203-8274-40942A990CD5}
		{B19BD4B3-DCAE-E1DC-6E65-2E476C6F6261} = {36033961-4F42-4203-8274-40942A990CD5}
		{656D6147-6E45-6967-6E65-2E4C696E7578} = {36033961-4F42-4203-8274-40942A990CD5}
		{DDE2CFB0-6E45-6967-6E65-546573742E4C} = {36033961-4F42-4203-8274-40942A990CD5}
		{6E69614D-6F4D-7564-6C65-2E4C696E7578} = {928DD4DD-7C31-4D48-ADC4-0CD911E22FC5}
		{E6DECFB6-6F4D-7564-6C65-546573742E4C} = {928DD4DD-7C31-4D48-ADC4-0CD911E22FC5}
		{73200884-85C6-4A3D-A3C2-A53D9C632613} = {36033961-4F42-4203-8274-40942A990CD5}
		{0194EA5F-B7C8-4087-9680-21E19334F1E7} = {0E1F184C-E964-4487-A287-0D4ED3037099}
		{7C124625-9566-46E9-BF6B-D045F90B35A1} = {0E1F184C-E964-4487-A287-0D4ED3037099}
		{627954FA-93D0-4524-B2AD-E7D301DAC6AE} = {0E1F184C-E964-4487-A287-0D4ED3037099}
		{0205D32E-BE54-4B98-A66E-85D4A0C02B6A} = {36033961-4F42-4203-8274-40942A990CD5}
		{C80E7E11-9184-46F3-B66E-236229E44614} = {36033961-4F42-4203-8274-40942A990CD5}
		{D94B6FAF-A173-42B5-AC09-59200DA76024} = {0E1F184C-E964-4487-A287-0D4ED3037099}
		{6DB8A02E-92BD-4F9D-A091-8A6685AD64D7} = {36033961-4F42-4203-8274-40942A990CD5}
		{D90A00CD-0053-4846-B278-DEBFAA1D85E4} = {928DD4DD-7C31-4D48-ADC4-0CD911E22FC5}
		{D1FEA8CF-F9EB-40F7-A2CF-9E26201A0EB3} = {928DD4DD-7C31-4D48-ADC4-0CD911E22FC5}
		{81F74F93-A308-4037-B184-40DBD986613E} = {928DD4DD-7C31-4D48-ADC4-0CD911E22FC5}
		{7D0D00BF-E41F-4E3E-A419-388A45132EA8} = {36033961-4F42-4203-8274-40942A990CD5}
		{1CA01096-AE42-4FF6-BF8D-AB39A94F4F6F} = {36033961-4F42-4203-8274-40942A990CD5}
		{7A7A9117-EEB0-43A5-84FF-9BCA7E393C85} = {998F0684-5579-47D1-A8E4-6F24AF9E68C8}
		{9403C59F-8E52-4006-9827-64CDB4241E79} = {998F0684-5579-47D1-A8E4-6F24AF9E68C8}
		{7FA7EE85-0D0A-4C40-8FCA-CFFD8F67E13C} = {998F0684-5579-47D1-A8E4-6F24AF9E68C8}
	EndGlobalSection
EndGlobal
